# This file is automatically @generated by Cargo.
# It is not intended for manual editing.
version = 3

[[package]]
name = "cc"
version = "1.0.79"
source = "registry+https://github.com/rust-lang/crates.io-index"
checksum = "50d30906286121d95be3d479533b458f87493b30a4b5f79a607db8f5d11aa91f"

[[package]]
name = "mean_ci"
version = "0.1.0"
dependencies = [
 "special-fun",
]

[[package]]
name = "special-fun"
version = "0.2.0"
source = "registry+https://github.com/rust-lang/crates.io-index"
checksum = "a1e94eec0d1b647005b0c09f67f5ee4ed594a0dc115aacf56d5afc4511816b8e"
dependencies = [
 "cc",
]
